
Microsoft Visual Studio Solution File, Format Version 12.00
# Visual Studio Version 17
VisualStudioVersion = 17.0.31912.275
MinimumVisualStudioVersion = 10.0.40219.1
Project("{9A19103F-16F7-4668-BE54-9A1E7A4F7556}") = "SilverBotDS", "SilverBotDS\SilverBotDS.csproj", "{8E5FE08F-9BA0-4345-8A31-CFF1D1183E6B}"
	ProjectSection(ProjectDependencies) = postProject
		{0999B549-F844-45CC-8E63-F26B95855E36} = {0999B549-F844-45CC-8E63-F26B95855E36}
	EndProjectSection
EndProject
Project("{2150E333-8FDC-42A3-9474-1A3956D46DE8}") = "Solution Items", "Solution Items", "{DFE19DA4-8DBC-4430-AF04-FE97F431635E}"
	ProjectSection(SolutionItems) = preProject
		.editorconfig = .editorconfig
		nuget.config = nuget.config
	EndProjectSection
EndProject
Project("{9A19103F-16F7-4668-BE54-9A1E7A4F7556}") = "SDBrowser", "SDBrowser\SDBrowser.csproj", "{0999B549-F844-45CC-8E63-F26B95855E36}"
EndProject
Project("{9A19103F-16F7-4668-BE54-9A1E7A4F7556}") = "SDiscordSink", "SDiscordSink\SDiscordSink.csproj", "{D1B1C5F1-7763-45B3-AAF9-F656214E6AD6}"
EndProject
Project("{9A19103F-16F7-4668-BE54-9A1E7A4F7556}") = "SnowdPlayer", "SnowdPlayer\SnowdPlayer.csproj", "{8C269328-1541-4626-BC66-EA3E0276508E}"
EndProject
Project("{9A19103F-16F7-4668-BE54-9A1E7A4F7556}") = "SilverBotDS.AnimeModule", "SilverBotDS.AnimeModule\SilverBotDS.AnimeModule.csproj", "{0AC85505-D6DB-4252-B22E-0DBE70B1EDAB}"
EndProject
Global
	GlobalSection(SolutionConfigurationPlatforms) = preSolution
		Debug|Any CPU = Debug|Any CPU
		Release|Any CPU = Release|Any CPU
	EndGlobalSection
	GlobalSection(ProjectConfigurationPlatforms) = postSolution
		{8E5FE08F-9BA0-4345-8A31-CFF1D1183E6B}.Debug|Any CPU.ActiveCfg = Debug|Any CPU
		{8E5FE08F-9BA0-4345-8A31-CFF1D1183E6B}.Debug|Any CPU.Build.0 = Debug|Any CPU
		{8E5FE08F-9BA0-4345-8A31-CFF1D1183E6B}.Release|Any CPU.ActiveCfg = Release|Any CPU
		{8E5FE08F-9BA0-4345-8A31-CFF1D1183E6B}.Release|Any CPU.Build.0 = Release|Any CPU
		{0999B549-F844-45CC-8E63-F26B95855E36}.Debug|Any CPU.ActiveCfg = Debug|Any CPU
		{0999B549-F844-45CC-8E63-F26B95855E36}.Debug|Any CPU.Build.0 = Debug|Any CPU
		{0999B549-F844-45CC-8E63-F26B95855E36}.Release|Any CPU.ActiveCfg = Release|Any CPU
		{0999B549-F844-45CC-8E63-F26B95855E36}.Release|Any CPU.Build.0 = Release|Any CPU
		{D1B1C5F1-7763-45B3-AAF9-F656214E6AD6}.Debug|Any CPU.ActiveCfg = Debug|Any CPU
		{D1B1C5F1-7763-45B3-AAF9-F656214E6AD6}.Debug|Any CPU.Build.0 = Debug|Any CPU
		{D1B1C5F1-7763-45B3-AAF9-F656214E6AD6}.Release|Any CPU.ActiveCfg = Release|Any CPU
		{D1B1C5F1-7763-45B3-AAF9-F656214E6AD6}.Release|Any CPU.Build.0 = Release|Any CPU
		{8C269328-1541-4626-BC66-EA3E0276508E}.Debug|Any CPU.ActiveCfg = Debug|Any CPU
		{8C269328-1541-4626-BC66-EA3E0276508E}.Debug|Any CPU.Build.0 = Debug|Any CPU
		{8C269328-1541-4626-BC66-EA3E0276508E}.Release|Any CPU.ActiveCfg = Release|Any CPU
		{8C269328-1541-4626-BC66-EA3E0276508E}.Release|Any CPU.Build.0 = Release|Any CPU
		{0AC85505-D6DB-4252-B22E-0DBE70B1EDAB}.Debug|Any CPU.ActiveCfg = Debug|Any CPU
		{0AC85505-D6DB-4252-B22E-0DBE70B1EDAB}.Debug|Any CPU.Build.0 = Debug|Any CPU
		{0AC85505-D6DB-4252-B22E-0DBE70B1EDAB}.Release|Any CPU.ActiveCfg = Release|Any CPU
		{0AC85505-D6DB-4252-B22E-0DBE70B1EDAB}.Release|Any CPU.Build.0 = Release|Any CPU
	EndGlobalSection
	GlobalSection(SolutionProperties) = preSolution
		HideSolutionNode = FALSE
	EndGlobalSection
	GlobalSection(ExtensibilityGlobals) = postSolution
		SolutionGuid = {B73DF257-CCAC-485D-9375-8E3F102D2DF2}
	EndGlobalSection
EndGlobal
